
Microsoft Visual Studio Solution File, Format Version 12.00
# Visual Studio Version 17
VisualStudioVersion = 17.3.32929.385
MinimumVisualStudioVersion = 10.0.40219.1
Project("{FAE04EC0-301F-11D3-BF4B-00C04F79EFBC}") = "DeskBooker.Core.Test", "DeskBooker.Core.Test\DeskBooker.Core.Test.csproj", "{8DABC6B2-F3C7-4A6E-92D6-638DCEDEC5F1}"
EndProject
Project("{FAE04EC0-301F-11D3-BF4B-00C04F79EFBC}") = "DeskBooker.Core", "DeskBooker.Core\DeskBooker.Core.csproj", "{AC7E2FBF-FBD3-4AD2-A0E5-0288A04F1606}"
EndProject
Global
	GlobalSection(SolutionConfigurationPlatforms) = preSolution
		Debug|Any CPU = Debug|Any CPU
		Release|Any CPU = Release|Any CPU
	EndGlobalSection
	GlobalSection(ProjectConfigurationPlatforms) = postSolution
		{8DABC6B2-F3C7-4A6E-92D6-638DCEDEC5F1}.Debug|Any CPU.ActiveCfg = Debug|Any CPU
		{8DABC6B2-F3C7-4A6E-92D6-638DCEDEC5F1}.Debug|Any CPU.Build.0 = Debug|Any CPU
		{8DABC6B2-F3C7-4A6E-92D6-638DCEDEC5F1}.Release|Any CPU.ActiveCfg = Release|Any CPU
		{8DABC6B2-F3C7-4A6E-92D6-638DCEDEC5F1}.Release|Any CPU.Build.0 = Release|Any CPU
		{AC7E2FBF-FBD3-4AD2-A0E5-0288A04F1606}.Debug|Any CPU.ActiveCfg = Debug|Any CPU
		{AC7E2FBF-FBD3-4AD2-A0E5-0288A04F1606}.Debug|Any CPU.Build.0 = Debug|Any CPU
		{AC7E2FBF-FBD3-4AD2-A0E5-0288A04F1606}.Release|Any CPU.ActiveCfg = Release|Any CPU
		{AC7E2FBF-FBD3-4AD2-A0E5-0288A04F1606}.Release|Any CPU.Build.0 = Release|Any CPU
	EndGlobalSection
	GlobalSection(SolutionProperties) = preSolution
		HideSolutionNode = FALSE
	EndGlobalSection
	GlobalSection(ExtensibilityGlobals) = postSolution
		SolutionGuid = {7CBBCC99-2CFC-4612-8F8F-CCEAAB92F1CF}
	EndGlobalSection
EndGlobal
